// !$*UTF8*$!
{
	archiveVersion = 1;
	classes = {
	};
	objectVersion = 56;
	objects = {

/* Begin PBXBuildFile section */
		2C608F1D2999A360006D650F /* AppDelegate.swift in Sources */ = {isa = PBXBuildFile; fileRef = 2C608F1C2999A360006D650F /* AppDelegate.swift */; };
		2C608F1F2999A360006D650F /* SceneDelegate.swift in Sources */ = {isa = PBXBuildFile; fileRef = 2C608F1E2999A360006D650F /* SceneDelegate.swift */; };
		2C608F212999A360006D650F /* ViewController.swift in Sources */ = {isa = PBXBuildFile; fileRef = 2C608F202999A360006D650F /* ViewController.swift */; };
		2C608F242999A360006D650F /* Main.storyboard in Resources */ = {isa = PBXBuildFile; fileRef = 2C608F222999A360006D650F /* Main.storyboard */; };
		2C608F262999A362006D650F /* Assets.xcassets in Resources */ = {isa = PBXBuildFile; fileRef = 2C608F252999A362006D650F /* Assets.xcassets */; };
		2C608F292999A362006D650F /* LaunchScreen.storyboard in Resources */ = {isa = PBXBuildFile; fileRef = 2C608F272999A362006D650F /* LaunchScreen.storyboard */; };
		2C608F342999A362006D650F /* SensorKit_TestTests.swift in Sources */ = {isa = PBXBuildFile; fileRef = 2C608F332999A362006D650F /* SensorKit_TestTests.swift */; };
		2C608F3E2999A362006D650F /* SensorKit_TestUITests.swift in Sources */ = {isa = PBXBuildFile; fileRef = 2C608F3D2999A362006D650F /* SensorKit_TestUITests.swift */; };
		2C608F402999A362006D650F /* SensorKit_TestUITestsLaunchTests.swift in Sources */ = {isa = PBXBuildFile; fileRef = 2C608F3F2999A362006D650F /* SensorKit_TestUITestsLaunchTests.swift */; };
/* End PBXBuildFile section */

/* Begin PBXContainerItemProxy section */
		2C608F302999A362006D650F /* PBXContainerItemProxy */ = {
			isa = PBXContainerItemProxy;
			containerPortal = 2C608F112999A360006D650F /* Project object */;
			proxyType = 1;
			remoteGlobalIDString = 2C608F182999A360006D650F;
			remoteInfo = "SensorKit Test";
		};
		2C608F3A2999A362006D650F /* PBXContainerItemProxy */ = {
			isa = PBXContainerItemProxy;
			containerPortal = 2C608F112999A360006D650F /* Project object */;
			proxyType = 1;
			remoteGlobalIDString = 2C608F182999A360006D650F;
			remoteInfo = "SensorKit Test";
		};
/* End PBXContainerItemProxy section */

/* Begin PBXFileReference section */
		2C608F192999A360006D650F /* SensorKit Test.app */ = {isa = PBXFileReference; explicitFileType = wrapper.application; includeInIndex = 0; path = "SensorKit Test.app"; sourceTree = BUILT_PRODUCTS_DIR; };
		2C608F1C2999A360006D650F /* AppDelegate.swift */ = {isa = PBXFileReference; lastKnownFileType = sourcecode.swift; path = AppDelegate.swift; sourceTree = "<group>"; };
		2C608F1E2999A360006D650F /* SceneDelegate.swift */ = {isa = PBXFileReference; lastKnownFileType = sourcecode.swift; path = SceneDelegate.swift; sourceTree = "<group>"; };
		2C608F202999A360006D650F /* ViewController.swift */ = {isa = PBXFileReference; lastKnownFileType = sourcecode.swift; path = ViewController.swift; sourceTree = "<group>"; };
		2C608F232999A360006D650F /* Base */ = {isa = PBXFileReference; lastKnownFileType = file.storyboard; name = Base; path = Base.lproj/Main.storyboard; sourceTree = "<group>"; };
		2C608F252999A362006D650F /* Assets.xcassets */ = {isa = PBXFileReference; lastKnownFileType = folder.assetcatalog; path = Assets.xcassets; sourceTree = "<group>"; };
		2C608F282999A362006D650F /* Base */ = {isa = PBXFileReference; lastKnownFileType = file.storyboard; name = Base; path = Base.lproj/LaunchScreen.storyboard; sourceTree = "<group>"; };
		2C608F2A2999A362006D650F /* Info.plist */ = {isa = PBXFileReference; lastKnownFileType = text.plist.xml; path = Info.plist; sourceTree = "<group>"; };
		2C608F2F2999A362006D650F /* SensorKit TestTests.xctest */ = {isa = PBXFileReference; explicitFileType = wrapper.cfbundle; includeInIndex = 0; path = "SensorKit TestTests.xctest"; sourceTree = BUILT_PRODUCTS_DIR; };
		2C608F332999A362006D650F /* SensorKit_TestTests.swift */ = {isa = PBXFileReference; lastKnownFileType = sourcecode.swift; path = SensorKit_TestTests.swift; sourceTree = "<group>"; };
		2C608F392999A362006D650F /* SensorKit TestUITests.xctest */ = {isa = PBXFileReference; explicitFileType = wrapper.cfbundle; includeInIndex = 0; path = "SensorKit TestUITests.xctest"; sourceTree = BUILT_PRODUCTS_DIR; };
		2C608F3D2999A362006D650F /* SensorKit_TestUITests.swift */ = {isa = PBXFileReference; lastKnownFileType = sourcecode.swift; path = SensorKit_TestUITests.swift; sourceTree = "<group>"; };
		2C608F3F2999A362006D650F /* SensorKit_TestUITestsLaunchTests.swift */ = {isa = PBXFileReference; lastKnownFileType = sourcecode.swift; path = SensorKit_TestUITestsLaunchTests.swift; sourceTree = "<group>"; };
/* End PBXFileReference section */

/* Begin PBXFrameworksBuildPhase section */
		2C608F162999A360006D650F /* Frameworks */ = {
			isa = PBXFrameworksBuildPhase;
			buildActionMask = 2147483647;
			files = (
			);
			runOnlyForDeploymentPostprocessing = 0;
		};
		2C608F2C2999A362006D650F /* Frameworks */ = {
			isa = PBXFrameworksBuildPhase;
			buildActionMask = 2147483647;
			files = (
			);
			runOnlyForDeploymentPostprocessing = 0;
		};
		2C608F362999A362006D650F /* Frameworks */ = {
			isa = PBXFrameworksBuildPhase;
			buildActionMask = 2147483647;
			files = (
			);
			runOnlyForDeploymentPostprocessing = 0;
		};
/* End PBXFrameworksBuildPhase section */

/* Begin PBXGroup section */
		2C608F102999A360006D650F = {
			isa = PBXGroup;
			children = (
				2C608F1B2999A360006D650F /* SensorKit Test */,
				2C608F322999A362006D650F /* SensorKit TestTests */,
				2C608F3C2999A362006D650F /* SensorKit TestUITests */,
				2C608F1A2999A360006D650F /* Products */,
			);
			sourceTree = "<group>";
		};
		2C608F1A2999A360006D650F /* Products */ = {
			isa = PBXGroup;
			children = (
				2C608F192999A360006D650F /* SensorKit Test.app */,
				2C608F2F2999A362006D650F /* SensorKit TestTests.xctest */,
				2C608F392999A362006D650F /* SensorKit TestUITests.xctest */,
			);
			name = Products;
			sourceTree = "<group>";
		};
		2C608F1B2999A360006D650F /* SensorKit Test */ = {
			isa = PBXGroup;
			children = (
				2C608F1C2999A360006D650F /* AppDelegate.swift */,
				2C608F1E2999A360006D650F /* SceneDelegate.swift */,
				2C608F202999A360006D650F /* ViewController.swift */,
				2C608F222999A360006D650F /* Main.storyboard */,
				2C608F252999A362006D650F /* Assets.xcassets */,
				2C608F272999A362006D650F /* LaunchScreen.storyboard */,
				2C608F2A2999A362006D650F /* Info.plist */,
			);
			path = "SensorKit Test";
			sourceTree = "<group>";
		};
		2C608F322999A362006D650F /* SensorKit TestTests */ = {
			isa = PBXGroup;
			children = (
				2C608F332999A362006D650F /* SensorKit_TestTests.swift */,
			);
			path = "SensorKit TestTests";
			sourceTree = "<group>";
		};
		2C608F3C2999A362006D650F /* SensorKit TestUITests */ = {
			isa = PBXGroup;
			children = (
				2C608F3D2999A362006D650F /* SensorKit_TestUITests.swift */,
				2C608F3F2999A362006D650F /* SensorKit_TestUITestsLaunchTests.swift */,
			);
			path = "SensorKit TestUITests";
			sourceTree = "<group>";
		};
/* End PBXGroup section */

/* Begin PBXNativeTarget section */
		2C608F182999A360006D650F /* SensorKit Test */ = {
			isa = PBXNativeTarget;
			buildConfigurationList = 2C608F432999A362006D650F /* Build configuration list for PBXNativeTarget "SensorKit Test" */;
			buildPhases = (
				2C608F152999A360006D650F /* Sources */,
				2C608F162999A360006D650F /* Frameworks */,
				2C608F172999A360006D650F /* Resources */,
			);
			buildRules = (
			);
			dependencies = (
			);
			name = "SensorKit Test";
			productName = "SensorKit Test";
			productReference = 2C608F192999A360006D650F /* SensorKit Test.app */;
			productType = "com.apple.product-type.application";
		};
		2C608F2E2999A362006D650F /* SensorKit TestTests */ = {
			isa = PBXNativeTarget;
			buildConfigurationList = 2C608F462999A362006D650F /* Build configuration list for PBXNativeTarget "SensorKit TestTests" */;
			buildPhases = (
				2C608F2B2999A362006D650F /* Sources */,
				2C608F2C2999A362006D650F /* Frameworks */,
				2C608F2D2999A362006D650F /* Resources */,
			);
			buildRules = (
			);
			dependencies = (
				2C608F312999A362006D650F /* PBXTargetDependency */,
			);
			name = "SensorKit TestTests";
			productName = "SensorKit TestTests";
			productReference = 2C608F2F2999A362006D650F /* SensorKit TestTests.xctest */;
			productType = "com.apple.product-type.bundle.unit-test";
		};
		2C608F382999A362006D650F /* SensorKit TestUITests */ = {
			isa = PBXNativeTarget;
			buildConfigurationList = 2C608F492999A362006D650F /* Build configuration list for PBXNativeTarget "SensorKit TestUITests" */;
			buildPhases = (
				2C608F352999A362006D650F /* Sources */,
				2C608F362999A362006D650F /* Frameworks */,
				2C608F372999A362006D650F /* Resources */,
			);
			buildRules = (
			);
			dependencies = (
				2C608F3B2999A362006D650F /* PBXTargetDependency */,
			);
			name = "SensorKit TestUITests";
			productName = "SensorKit TestUITests";
			productReference = 2C608F392999A362006D650F /* SensorKit TestUITests.xctest */;
			productType = "com.apple.product-type.bundle.ui-testing";
		};
/* End PBXNativeTarget section */

/* Begin PBXProject section */
		2C608F112999A360006D650F /* Project object */ = {
			isa = PBXProject;
			attributes = {
				BuildIndependentTargetsInParallel = 1;
				LastSwiftUpdateCheck = 1420;
				LastUpgradeCheck = 1420;
				TargetAttributes = {
					2C608F182999A360006D650F = {
						CreatedOnToolsVersion = 14.2;
					};
					2C608F2E2999A362006D650F = {
						CreatedOnToolsVersion = 14.2;
						TestTargetID = 2C608F182999A360006D650F;
					};
					2C608F382999A362006D650F = {
						CreatedOnToolsVersion = 14.2;
						TestTargetID = 2C608F182999A360006D650F;
					};
				};
			};
			buildConfigurationList = 2C608F142999A360006D650F /* Build configuration list for PBXProject "SensorKit Test" */;
			compatibilityVersion = "Xcode 14.0";
			developmentRegion = en;
			hasScannedForEncodings = 0;
			knownRegions = (
				en,
				Base,
			);
			mainGroup = 2C608F102999A360006D650F;
			productRefGroup = 2C608F1A2999A360006D650F /* Products */;
			projectDirPath = "";
			projectRoot = "";
			targets = (
				2C608F182999A360006D650F /* SensorKit Test */,
				2C608F2E2999A362006D650F /* SensorKit TestTests */,
				2C608F382999A362006D650F /* SensorKit TestUITests */,
			);
		};
/* End PBXProject section */

/* Begin PBXResourcesBuildPhase section */
		2C608F172999A360006D650F /* Resources */ = {
			isa = PBXResourcesBuildPhase;
			buildActionMask = 2147483647;
			files = (
				2C608F292999A362006D650F /* LaunchScreen.storyboard in Resources */,
				2C608F262999A362006D650F /* Assets.xcassets in Resources */,
				2C608F242999A360006D650F /* Main.storyboard in Resources */,
			);
			runOnlyForDeploymentPostprocessing = 0;
		};
		2C608F2D2999A362006D650F /* Resources */ = {
			isa = PBXResourcesBuildPhase;
			buildActionMask = 2147483647;
			files = (
			);
			runOnlyForDeploymentPostprocessing = 0;
		};
		2C608F372999A362006D650F /* Resources */ = {
			isa = PBXResourcesBuildPhase;
			buildActionMask = 2147483647;
			files = (
			);
			runOnlyForDeploymentPostprocessing = 0;
		};
/* End PBXResourcesBuildPhase section */

/* Begin PBXSourcesBuildPhase section */
		2C608F152999A360006D650F /* Sources */ = {
			isa = PBXSourcesBuildPhase;
			buildActionMask = 2147483647;
			files = (
				2C608F212999A360006D650F /* ViewController.swift in Sources */,
				2C608F1D2999A360006D650F /* AppDelegate.swift in Sources */,
				2C608F1F2999A360006D650F /* SceneDelegate.swift in Sources */,
			);
			runOnlyForDeploymentPostprocessing = 0;
		};
		2C608F2B2999A362006D650F /* Sources */ = {
			isa = PBXSourcesBuildPhase;
			buildActionMask = 2147483647;
			files = (
				2C608F342999A362006D650F /* SensorKit_TestTests.swift in Sources */,
			);
			runOnlyForDeploymentPostprocessing = 0;
		};
		2C608F352999A362006D650F /* Sources */ = {
			isa = PBXSourcesBuildPhase;
			buildActionMask = 2147483647;
			files = (
				2C608F3E2999A362006D650F /* SensorKit_TestUITests.swift in Sources */,
				2C608F402999A362006D650F /* SensorKit_TestUITestsLaunchTests.swift in Sources */,
			);
			runOnlyForDeploymentPostprocessing = 0;
		};
/* End PBXSourcesBuildPhase section */

/* Begin PBXTargetDependency section */
		2C608F312999A362006D650F /* PBXTargetDependency */ = {
			isa = PBXTargetDependency;
			target = 2C608F182999A360006D650F /* SensorKit Test */;
			targetProxy = 2C608F302999A362006D650F /* PBXContainerItemProxy */;
		};
		2C608F3B2999A362006D650F /* PBXTargetDependency */ = {
			isa = PBXTargetDependency;
			target = 2C608F182999A360006D650F /* SensorKit Test */;
			targetProxy = 2C608F3A2999A362006D650F /* PBXContainerItemProxy */;
		};
/* End PBXTargetDependency section */

/* Begin PBXVariantGroup section */
		2C608F222999A360006D650F /* Main.storyboard */ = {
			isa = PBXVariantGroup;
			children = (
				2C608F232999A360006D650F /* Base */,
			);
			name = Main.storyboard;
			sourceTree = "<group>";
		};
		2C608F272999A362006D650F /* LaunchScreen.storyboard */ = {
			isa = PBXVariantGroup;
			children = (
				2C608F282999A362006D650F /* Base */,
			);
			name = LaunchScreen.storyboard;
			sourceTree = "<group>";
		};
/* End PBXVariantGroup section */

/* Begin XCBuildConfiguration section */
		2C608F412999A362006D650F /* Debug */ = {
			isa = XCBuildConfiguration;
			buildSettings = {
				ALWAYS_SEARCH_USER_PATHS = NO;
				CLANG_ANALYZER_NONNULL = YES;
				CLANG_ANALYZER_NUMBER_OBJECT_CONVERSION = YES_AGGRESSIVE;
				CLANG_CXX_LANGUAGE_STANDARD = "gnu++20";
				CLANG_ENABLE_MODULES = YES;
				CLANG_ENABLE_OBJC_ARC = YES;
				CLANG_ENABLE_OBJC_WEAK = YES;
				CLANG_WARN_BLOCK_CAPTURE_AUTORELEASING = YES;
				CLANG_WARN_BOOL_CONVERSION = YES;
				CLANG_WARN_COMMA = YES;
				CLANG_WARN_CONSTANT_CONVERSION = YES;
				CLANG_WARN_DEPRECATED_OBJC_IMPLEMENTATIONS = YES;
				CLANG_WARN_DIRECT_OBJC_ISA_USAGE = YES_ERROR;
				CLANG_WARN_DOCUMENTATION_COMMENTS = YES;
				CLANG_WARN_EMPTY_BODY = YES;
				CLANG_WARN_ENUM_CONVERSION = YES;
				CLANG_WARN_INFINITE_RECURSION = YES;
				CLANG_WARN_INT_CONVERSION = YES;
				CLANG_WARN_NON_LITERAL_NULL_CONVERSION = YES;
				CLANG_WARN_OBJC_IMPLICIT_RETAIN_SELF = YES;
				CLANG_WARN_OBJC_LITERAL_CONVERSION = YES;
				CLANG_WARN_OBJC_ROOT_CLASS = YES_ERROR;
				CLANG_WARN_QUOTED_INCLUDE_IN_FRAMEWORK_HEADER = YES;
				CLANG_WARN_RANGE_LOOP_ANALYSIS = YES;
				CLANG_WARN_STRICT_PROTOTYPES = YES;
				CLANG_WARN_SUSPICIOUS_MOVE = YES;
				CLANG_WARN_UNGUARDED_AVAILABILITY = YES_AGGRESSIVE;
				CLANG_WARN_UNREACHABLE_CODE = YES;
				CLANG_WARN__DUPLICATE_METHOD_MATCH = YES;
				COPY_PHASE_STRIP = NO;
				DEBUG_INFORMATION_FORMAT = dwarf;
				ENABLE_STRICT_OBJC_MSGSEND = YES;
				ENABLE_TESTABILITY = YES;
				GCC_C_LANGUAGE_STANDARD = gnu11;
				GCC_DYNAMIC_NO_PIC = NO;
				GCC_NO_COMMON_BLOCKS = YES;
				GCC_OPTIMIZATION_LEVEL = 0;
				GCC_PREPROCESSOR_DEFINITIONS = (
					"DEBUG=1",
					"$(inherited)",
				);
				GCC_WARN_64_TO_32_BIT_CONVERSION = YES;
				GCC_WARN_ABOUT_RETURN_TYPE = YES_ERROR;
				GCC_WARN_UNDECLARED_SELECTOR = YES;
				GCC_WARN_UNINITIALIZED_AUTOS = YES_AGGRESSIVE;
				GCC_WARN_UNUSED_FUNCTION = YES;
				GCC_WARN_UNUSED_VARIABLE = YES;
				IPHONEOS_DEPLOYMENT_TARGET = 16.2;
				MTL_ENABLE_DEBUG_INFO = INCLUDE_SOURCE;
				MTL_FAST_MATH = YES;
				ONLY_ACTIVE_ARCH = YES;
				SDKROOT = iphoneos;
				SWIFT_ACTIVE_COMPILATION_CONDITIONS = DEBUG;
				SWIFT_OPTIMIZATION_LEVEL = "-Onone";
			};
			name = Debug;
		};
		2C608F422999A362006D650F /* Release */ = {
			isa = XCBuildConfiguration;
			buildSettings = {
				ALWAYS_SEARCH_USER_PATHS = NO;
				CLANG_ANALYZER_NONNULL = YES;
				CLANG_ANALYZER_NUMBER_OBJECT_CONVERSION = YES_AGGRESSIVE;
				CLANG_CXX_LANGUAGE_STANDARD = "gnu++20";
				CLANG_ENABLE_MODULES = YES;
				CLANG_ENABLE_OBJC_ARC = YES;
				CLANG_ENABLE_OBJC_WEAK = YES;
				CLANG_WARN_BLOCK_CAPTURE_AUTORELEASING = YES;
				CLANG_WARN_BOOL_CONVERSION = YES;
				CLANG_WARN_COMMA = YES;
				CLANG_WARN_CONSTANT_CONVERSION = YES;
				CLANG_WARN_DEPRECATED_OBJC_IMPLEMENTATIONS = YES;
				CLANG_WARN_DIRECT_OBJC_ISA_USAGE = YES_ERROR;
				CLANG_WARN_DOCUMENTATION_COMMENTS = YES;
				CLANG_WARN_EMPTY_BODY = YES;
				CLANG_WARN_ENUM_CONVERSION = YES;
				CLANG_WARN_INFINITE_RECURSION = YES;
				CLANG_WARN_INT_CONVERSION = YES;
				CLANG_WARN_NON_LITERAL_NULL_CONVERSION = YES;
				CLANG_WARN_OBJC_IMPLICIT_RETAIN_SELF = YES;
				CLANG_WARN_OBJC_LITERAL_CONVERSION = YES;
				CLANG_WARN_OBJC_ROOT_CLASS = YES_ERROR;
				CLANG_WARN_QUOTED_INCLUDE_IN_FRAMEWORK_HEADER = YES;
				CLANG_WARN_RANGE_LOOP_ANALYSIS = YES;
				CLANG_WARN_STRICT_PROTOTYPES = YES;
				CLANG_WARN_SUSPICIOUS_MOVE = YES;
				CLANG_WARN_UNGUARDED_AVAILABILITY = YES_AGGRESSIVE;
				CLANG_WARN_UNREACHABLE_CODE = YES;
				CLANG_WARN__DUPLICATE_METHOD_MATCH = YES;
				COPY_PHASE_STRIP = NO;
				DEBUG_INFORMATION_FORMAT = "dwarf-with-dsym";
				ENABLE_NS_ASSERTIONS = NO;
				ENABLE_STRICT_OBJC_MSGSEND = YES;
				GCC_C_LANGUAGE_STANDARD = gnu11;
				GCC_NO_COMMON_BLOCKS = YES;
				GCC_WARN_64_TO_32_BIT_CONVERSION = YES;
				GCC_WARN_ABOUT_RETURN_TYPE = YES_ERROR;
				GCC_WARN_UNDECLARED_SELECTOR = YES;
				GCC_WARN_UNINITIALIZED_AUTOS = YES_AGGRESSIVE;
				GCC_WARN_UNUSED_FUNCTION = YES;
				GCC_WARN_UNUSED_VARIABLE = YES;
				IPHONEOS_DEPLOYMENT_TARGET = 16.2;
				MTL_ENABLE_DEBUG_INFO = NO;
				MTL_FAST_MATH = YES;
				SDKROOT = iphoneos;
				SWIFT_COMPILATION_MODE = wholemodule;
				SWIFT_OPTIMIZATION_LEVEL = "-O";
				VALIDATE_PRODUCT = YES;
			};
			name = Release;
		};
		2C608F442999A362006D650F /* Debug */ = {
			isa = XCBuildConfiguration;
			buildSettings = {
				ASSETCATALOG_COMPILER_APPICON_NAME = AppIcon;
				ASSETCATALOG_COMPILER_GLOBAL_ACCENT_COLOR_NAME = AccentColor;
				CODE_SIGN_STYLE = Automatic;
				CURRENT_PROJECT_VERSION = 1;
				DEVELOPMENT_TEAM = 857V7A5S36;
				GENERATE_INFOPLIST_FILE = YES;
				INFOPLIST_FILE = "SensorKit Test/Info.plist";
				INFOPLIST_KEY_UIApplicationSupportsIndirectInputEvents = YES;
				INFOPLIST_KEY_UILaunchStoryboardName = LaunchScreen;
				INFOPLIST_KEY_UIMainStoryboardFile = Main;
				INFOPLIST_KEY_UISupportedInterfaceOrientations_iPad = "UIInterfaceOrientationPortrait UIInterfaceOrientationPortraitUpsideDown UIInterfaceOrientationLandscapeLeft UIInterfaceOrientationLandscapeRight";
				INFOPLIST_KEY_UISupportedInterfaceOrientations_iPhone = "UIInterfaceOrientationPortrait UIInterfaceOrientationLandscapeLeft UIInterfaceOrientationLandscapeRight";
				LD_RUNPATH_SEARCH_PATHS = (
					"$(inherited)",
					"@executable_path/Frameworks",
				);
				MARKETING_VERSION = 1.0;
				PRODUCT_BUNDLE_IDENTIFIER = "university-of-richmond.SensorKit-Test";
				PRODUCT_NAME = "$(TARGET_NAME)";
				SWIFT_EMIT_LOC_STRINGS = YES;
				SWIFT_VERSION = 5.0;
				TARGETED_DEVICE_FAMILY = "1,2";
			};
			name = Debug;
		};
		2C608F452999A362006D650F /* Release */ = {
			isa = XCBuildConfiguration;
			buildSettings = {
				ASSETCATALOG_COMPILER_APPICON_NAME = AppIcon;
				ASSETCATALOG_COMPILER_GLOBAL_ACCENT_COLOR_NAME = AccentColor;
				CODE_SIGN_STYLE = Automatic;
				CURRENT_PROJECT_VERSION = 1;
				DEVELOPMENT_TEAM = 857V7A5S36;
				GENERATE_INFOPLIST_FILE = YES;
				INFOPLIST_FILE = "SensorKit Test/Info.plist";
				INFOPLIST_KEY_UIApplicationSupportsIndirectInputEvents = YES;
				INFOPLIST_KEY_UILaunchStoryboardName = LaunchScreen;
				INFOPLIST_KEY_UIMainStoryboardFile = Main;
				INFOPLIST_KEY_UISupportedInterfaceOrientations_iPad = "UIInterfaceOrientationPortrait UIInterfaceOrientationPortraitUpsideDown UIInterfaceOrientationLandscapeLeft UIInterfaceOrientationLandscapeRight";
				INFOPLIST_KEY_UISupportedInterfaceOrientations_iPhone = "UIInterfaceOrientationPortrait UIInterfaceOrientationLandscapeLeft UIInterfaceOrientationLandscapeRight";
				LD_RUNPATH_SEARCH_PATHS = (
					"$(inherited)",
					"@executable_path/Frameworks",
				);
				MARKETING_VERSION = 1.0;
				PRODUCT_BUNDLE_IDENTIFIER = "university-of-richmond.SensorKit-Test";
				PRODUCT_NAME = "$(TARGET_NAME)";
				SWIFT_EMIT_LOC_STRINGS = YES;
				SWIFT_VERSION = 5.0;
				TARGETED_DEVICE_FAMILY = "1,2";
			};
			name = Release;
		};
		2C608F472999A362006D650F /* Debug */ = {
			isa = XCBuildConfiguration;
			buildSettings = {
				ALWAYS_EMBED_SWIFT_STANDARD_LIBRARIES = YES;
				BUNDLE_LOADER = "$(TEST_HOST)";
				CODE_SIGN_STYLE = Automatic;
				CURRENT_PROJECT_VERSION = 1;
				DEVELOPMENT_TEAM = 857V7A5S36;
				GENERATE_INFOPLIST_FILE = YES;
				IPHONEOS_DEPLOYMENT_TARGET = 16.2;
				MARKETING_VERSION = 1.0;
				PRODUCT_BUNDLE_IDENTIFIER = "university-of-richmond.SensorKit-TestTests";
				PRODUCT_NAME = "$(TARGET_NAME)";
				SWIFT_EMIT_LOC_STRINGS = NO;
				SWIFT_VERSION = 5.0;
				TARGETED_DEVICE_FAMILY = "1,2";
				TEST_HOST = "$(BUILT_PRODUCTS_DIR)/SensorKit Test.app/$(BUNDLE_EXECUTABLE_FOLDER_PATH)/SensorKit Test";
			};
			name = Debug;
		};
		2C608F482999A362006D650F /* Release */ = {
			isa = XCBuildConfiguration;
			buildSettings = {
				ALWAYS_EMBED_SWIFT_STANDARD_LIBRARIES = YES;
				BUNDLE_LOADER = "$(TEST_HOST)";
				CODE_SIGN_STYLE = Automatic;
				CURRENT_PROJECT_VERSION = 1;
				DEVELOPMENT_TEAM = 857V7A5S36;
				GENERATE_INFOPLIST_FILE = YES;
				IPHONEOS_DEPLOYMENT_TARGET = 16.2;
				MARKETING_VERSION = 1.0;
				PRODUCT_BUNDLE_IDENTIFIER = "university-of-richmond.SensorKit-TestTests";
				PRODUCT_NAME = "$(TARGET_NAME)";
				SWIFT_EMIT_LOC_STRINGS = NO;
				SWIFT_VERSION = 5.0;
				TARGETED_DEVICE_FAMILY = "1,2";
				TEST_HOST = "$(BUILT_PRODUCTS_DIR)/SensorKit Test.app/$(BUNDLE_EXECUTABLE_FOLDER_PATH)/SensorKit Test";
			};
			name = Release;
		};
		2C608F4A2999A362006D650F /* Debug */ = {
			isa = XCBuildConfiguration;
			buildSettings = {
				ALWAYS_EMBED_SWIFT_STANDARD_LIBRARIES = YES;
				CODE_SIGN_STYLE = Automatic;
				CURRENT_PROJECT_VERSION = 1;
				DEVELOPMENT_TEAM = 857V7A5S36;
				GENERATE_INFOPLIST_FILE = YES;
				MARKETING_VERSION = 1.0;
				PRODUCT_BUNDLE_IDENTIFIER = "university-of-richmond.SensorKit-TestUITests";
				PRODUCT_NAME = "$(TARGET_NAME)";
				SWIFT_EMIT_LOC_STRINGS = NO;
				SWIFT_VERSION = 5.0;
				TARGETED_DEVICE_FAMILY = "1,2";
				TEST_TARGET_NAME = "SensorKit Test";
			};
			name = Debug;
		};
		2C608F4B2999A362006D650F /* Release */ = {
			isa = XCBuildConfiguration;
			buildSettings = {
				ALWAYS_EMBED_SWIFT_STANDARD_LIBRARIES = YES;
				CODE_SIGN_STYLE = Automatic;
				CURRENT_PROJECT_VERSION = 1;
				DEVELOPMENT_TEAM = 857V7A5S36;
				GENERATE_INFOPLIST_FILE = YES;
				MARKETING_VERSION = 1.0;
				PRODUCT_BUNDLE_IDENTIFIER = "university-of-richmond.SensorKit-TestUITests";
				PRODUCT_NAME = "$(TARGET_NAME)";
				SWIFT_EMIT_LOC_STRINGS = NO;
				SWIFT_VERSION = 5.0;
				TARGETED_DEVICE_FAMILY = "1,2";
				TEST_TARGET_NAME = "SensorKit Test";
			};
			name = Release;
		};
/* End XCBuildConfiguration section */

/* Begin XCConfigurationList section */
		2C608F142999A360006D650F /* Build configuration list for PBXProject "SensorKit Test" */ = {
			isa = XCConfigurationList;
			buildConfigurations = (
				2C608F412999A362006D650F /* Debug */,
				2C608F422999A362006D650F /* Release */,
			);
			defaultConfigurationIsVisible = 0;
			defaultConfigurationName = Release;
		};
		2C608F432999A362006D650F /* Build configuration list for PBXNativeTarget "SensorKit Test" */ = {
			isa = XCConfigurationList;
			buildConfigurations = (
				2C608F442999A362006D650F /* Debug */,
				2C608F452999A362006D650F /* Release */,
			);
			defaultConfigurationIsVisible = 0;
			defaultConfigurationName = Release;
		};
		2C608F462999A362006D650F /* Build configuration list for PBXNativeTarget "SensorKit TestTests" */ = {
			isa = XCConfigurationList;
			buildConfigurations = (
				2C608F472999A362006D650F /* Debug */,
				2C608F482999A362006D650F /* Release */,
			);
			defaultConfigurationIsVisible = 0;
			defaultConfigurationName = Release;
		};
		2C608F492999A362006D650F /* Build configuration list for PBXNativeTarget "SensorKit TestUITests" */ = {
			isa = XCConfigurationList;
			buildConfigurations = (
				2C608F4A2999A362006D650F /* Debug */,
				2C608F4B2999A362006D650F /* Release */,
			);
			defaultConfigurationIsVisible = 0;
			defaultConfigurationName = Release;
		};
/* End XCConfigurationList section */
	};
	rootObject = 2C608F112999A360006D650F /* Project object */;
}
